
Microsoft Visual Studio Solution File, Format Version 12.00
# Visual Studio Version 17
VisualStudioVersion = 17.4.33103.184
MinimumVisualStudioVersion = 10.0.40219.1
Project("{281A6410-1DDF-4E21-8B00-8410EF4A5309}") = "AutoTraining", "AutoTraining.csproj", "{9DEA9DA0-B532-4398-9DA3-892939CCDDE1}"
EndProject
Global
	GlobalSection(SolutionConfigurationPlatforms) = preSolution
		Debug|Any CPU = Debug|Any CPU
		Release|Any CPU = Release|Any CPU
	EndGlobalSection
	GlobalSection(ProjectConfigurationPlatforms) = postSolution
		{9DEA9DA0-B532-4398-9DA3-892939CCDDE1}.Debug|Any CPU.ActiveCfg = Debug|Any CPU
		{9DEA9DA0-B532-4398-9DA3-892939CCDDE1}.Debug|Any CPU.Build.0 = Debug|Any CPU
		{9DEA9DA0-B532-4398-9DA3-892939CCDDE1}.Release|Any CPU.ActiveCfg = Release|Any CPU
		{9DEA9DA0-B532-4398-9DA3-892939CCDDE1}.Release|Any CPU.Build.0 = Release|Any CPU
	EndGlobalSection
	GlobalSection(SolutionProperties) = preSolution
		HideSolutionNode = FALSE
	EndGlobalSection
	GlobalSection(ExtensibilityGlobals) = postSolution
		SolutionGuid = {56E05236-66D1-465F-BFAA-6B9356DE2A10}
	EndGlobalSection
EndGlobal
